
Microsoft Visual Studio Solution File, Format Version 12.00
# Visual Studio 2013
VisualStudioVersion = 12.0.40629.0
MinimumVisualStudioVersion = 10.0.40219.1
Project("{FAE04EC0-301F-11D3-BF4B-00C04F79EFBC}") = "StackExchange.Redis.SyncLocalCache", "StackExchange.Redis.SyncLocalCache\StackExchange.Redis.SyncLocalCache.csproj", "{229CDDA8-02F3-4E31-B98A-9684C73F94E6}"
EndProject
Project("{FAE04EC0-301F-11D3-BF4B-00C04F79EFBC}") = "SyncLocalCacheTest", "SyncLocalCacheTest\SyncLocalCacheTest.csproj", "{B80FA4C3-5AC2-4996-81D9-DE6CD937D657}"
EndProject
Global
	GlobalSection(SolutionConfigurationPlatforms) = preSolution
		Debug|Any CPU = Debug|Any CPU
		Release|Any CPU = Release|Any CPU
	EndGlobalSection
	GlobalSection(ProjectConfigurationPlatforms) = postSolution
		{229CDDA8-02F3-4E31-B98A-9684C73F94E6}.Debug|Any CPU.ActiveCfg = Debug|Any CPU
		{229CDDA8-02F3-4E31-B98A-9684C73F94E6}.Debug|Any CPU.Build.0 = Debug|Any CPU
		{229CDDA8-02F3-4E31-B98A-9684C73F94E6}.Release|Any CPU.ActiveCfg = Release|Any CPU
		{229CDDA8-02F3-4E31-B98A-9684C73F94E6}.Release|Any CPU.Build.0 = Release|Any CPU
		{B80FA4C3-5AC2-4996-81D9-DE6CD937D657}.Debug|Any CPU.ActiveCfg = Debug|Any CPU
		{B80FA4C3-5AC2-4996-81D9-DE6CD937D657}.Debug|Any CPU.Build.0 = Debug|Any CPU
		{B80FA4C3-5AC2-4996-81D9-DE6CD937D657}.Release|Any CPU.ActiveCfg = Release|Any CPU
		{B80FA4C3-5AC2-4996-81D9-DE6CD937D657}.Release|Any CPU.Build.0 = Release|Any CPU
	EndGlobalSection
	GlobalSection(SolutionProperties) = preSolution
		HideSolutionNode = FALSE
	EndGlobalSection
EndGlobal
